
Microsoft Visual Studio Solution File, Format Version 12.00
# Visual Studio 15
VisualStudioVersion = 15.0.27004.2002
MinimumVisualStudioVersion = 10.0.40219.1
Project("{9A19103F-16F7-4668-BE54-9A1E7A4F7556}") = "SearchV2.ApiCore", "SearchV2.ApiCore\SearchV2.ApiCore.csproj", "{84CA3D8D-8154-4ACD-B45B-859BA80A035D}"
EndProject
Project("{9A19103F-16F7-4668-BE54-9A1E7A4F7556}") = "SearchV2.Abstractions", "SearchV2.Abstractions\SearchV2.Abstractions.csproj", "{5AE9AA45-5E3D-4CDA-B8E9-7F75DBC9826A}"
EndProject
Project("{9A19103F-16F7-4668-BE54-9A1E7A4F7556}") = "SearchV2.Api.MadfastMongo", "SearchV2.Api.MadfastMongo\SearchV2.Api.MadfastMongo.csproj", "{41623BD7-691E-425B-B107-A251D57173F0}"
EndProject
Project("{9A19103F-16F7-4668-BE54-9A1E7A4F7556}") = "SearchV2.Generics", "SearchV2.Generics\SearchV2.Generics.csproj", "{2C30CCAF-393B-4195-8867-34515D397F6F}"
EndProject
Project("{2150E333-8FDC-42A3-9474-1A3956D46DE8}") = "Implementations", "Implementations", "{9856D3A9-280B-400A-80B9-A03AD6D4AC59}"
EndProject
Project("{9A19103F-16F7-4668-BE54-9A1E7A4F7556}") = "SearchV2.MongoDB", "SearchV2.MongoDB\SearchV2.MongoDB.csproj", "{8300C0D6-041B-4294-A890-BE1D9CB70296}"
EndProject
Project("{9A19103F-16F7-4668-BE54-9A1E7A4F7556}") = "SearchV2.RDKit", "SearchV2.RDKit\SearchV2.RDKit.csproj", "{239A49D1-57C4-44FA-A204-A79B8DAEAA18}"
EndProject
Project("{2150E333-8FDC-42A3-9474-1A3956D46DE8}") = "EnamineStore", "EnamineStore", "{C0910E63-3E0B-4311-B3D1-1C859960404D}"
EndProject
Project("{2150E333-8FDC-42A3-9474-1A3956D46DE8}") = "UORSY", "UORSY", "{D59F28FB-D856-468A-B850-1C00A8669AF0}"
	ProjectSection(SolutionItems) = preProject
		Uorsy\Dockerfile = Uorsy\Dockerfile
	EndProjectSection
EndProject
Project("{9A19103F-16F7-4668-BE54-9A1E7A4F7556}") = "SearchV2.Uorsy.MongoBootstrapper", "SearchV2.Uorsy.MongoBootstrapper\SearchV2.Uorsy.MongoBootstrapper.csproj", "{CE9CC34A-4A53-4440-9F50-A049990CDF5E}"
EndProject
Project("{9A19103F-16F7-4668-BE54-9A1E7A4F7556}") = "SearchV2.Api.Uorsy", "SearchV2.Api.Uorsy\SearchV2.Api.Uorsy.csproj", "{927217DC-6422-4E85-AA21-CABB0F50A517}"
EndProject
Project("{9A19103F-16F7-4668-BE54-9A1E7A4F7556}") = "Uorsy.Data", "Uorsy.Data\Uorsy.Data.csproj", "{C2017327-4117-436F-BEA0-EC6F182ABD83}"
EndProject
Project("{9A19103F-16F7-4668-BE54-9A1E7A4F7556}") = "Common", "Common\Common.csproj", "{BBE0FC65-4173-484F-956B-15E811997617}"
EndProject
Project("{9A19103F-16F7-4668-BE54-9A1E7A4F7556}") = "SearchV2.InMemory", "SearchV2.InMemory\SearchV2.InMemory.csproj", "{C9FFBCE4-EFFD-48D5-A99F-B6A72C5AE770}"
EndProject
Project("{9A19103F-16F7-4668-BE54-9A1E7A4F7556}") = "SearchV2.ApiCore.SearchExtensions", "SearchV2.ApiCore.SearchExtensions\SearchV2.ApiCore.SearchExtensions.csproj", "{27C409DD-DE22-4183-A0AA-2570B42443A1}"
EndProject
Project("{9A19103F-16F7-4668-BE54-9A1E7A4F7556}") = "SearchV2.Redis", "SearchV2.Redis\SearchV2.Redis.csproj", "{510D6140-02B6-4A99-B3B3-A2048D0F60D3}"
EndProject
Project("{2150E333-8FDC-42A3-9474-1A3956D46DE8}") = "Solution Items", "Solution Items", "{A85F5A1D-30CE-46E3-9399-5AA24C633347}"
	ProjectSection(SolutionItems) = preProject
		..\docker-compose.yml = ..\docker-compose.yml
	EndProjectSection
EndProject
Global
	GlobalSection(SolutionConfigurationPlatforms) = preSolution
		Debug|Any CPU = Debug|Any CPU
		Release|Any CPU = Release|Any CPU
	EndGlobalSection
	GlobalSection(ProjectConfigurationPlatforms) = postSolution
		{84CA3D8D-8154-4ACD-B45B-859BA80A035D}.Debug|Any CPU.ActiveCfg = Debug|Any CPU
		{84CA3D8D-8154-4ACD-B45B-859BA80A035D}.Debug|Any CPU.Build.0 = Debug|Any CPU
		{84CA3D8D-8154-4ACD-B45B-859BA80A035D}.Release|Any CPU.ActiveCfg = Release|Any CPU
		{84CA3D8D-8154-4ACD-B45B-859BA80A035D}.Release|Any CPU.Build.0 = Release|Any CPU
		{5AE9AA45-5E3D-4CDA-B8E9-7F75DBC9826A}.Debug|Any CPU.ActiveCfg = Debug|Any CPU
		{5AE9AA45-5E3D-4CDA-B8E9-7F75DBC9826A}.Debug|Any CPU.Build.0 = Debug|Any CPU
		{5AE9AA45-5E3D-4CDA-B8E9-7F75DBC9826A}.Release|Any CPU.ActiveCfg = Release|Any CPU
		{5AE9AA45-5E3D-4CDA-B8E9-7F75DBC9826A}.Release|Any CPU.Build.0 = Release|Any CPU
		{41623BD7-691E-425B-B107-A251D57173F0}.Debug|Any CPU.ActiveCfg = Debug|Any CPU
		{41623BD7-691E-425B-B107-A251D57173F0}.Debug|Any CPU.Build.0 = Debug|Any CPU
		{41623BD7-691E-425B-B107-A251D57173F0}.Release|Any CPU.ActiveCfg = Release|Any CPU
		{41623BD7-691E-425B-B107-A251D57173F0}.Release|Any CPU.Build.0 = Release|Any CPU
		{2C30CCAF-393B-4195-8867-34515D397F6F}.Debug|Any CPU.ActiveCfg = Debug|Any CPU
		{2C30CCAF-393B-4195-8867-34515D397F6F}.Debug|Any CPU.Build.0 = Debug|Any CPU
		{2C30CCAF-393B-4195-8867-34515D397F6F}.Release|Any CPU.ActiveCfg = Release|Any CPU
		{2C30CCAF-393B-4195-8867-34515D397F6F}.Release|Any CPU.Build.0 = Release|Any CPU
		{8300C0D6-041B-4294-A890-BE1D9CB70296}.Debug|Any CPU.ActiveCfg = Debug|Any CPU
		{8300C0D6-041B-4294-A890-BE1D9CB70296}.Debug|Any CPU.Build.0 = Debug|Any CPU
		{8300C0D6-041B-4294-A890-BE1D9CB70296}.Release|Any CPU.ActiveCfg = Release|Any CPU
		{8300C0D6-041B-4294-A890-BE1D9CB70296}.Release|Any CPU.Build.0 = Release|Any CPU
		{239A49D1-57C4-44FA-A204-A79B8DAEAA18}.Debug|Any CPU.ActiveCfg = Debug|Any CPU
		{239A49D1-57C4-44FA-A204-A79B8DAEAA18}.Debug|Any CPU.Build.0 = Debug|Any CPU
		{239A49D1-57C4-44FA-A204-A79B8DAEAA18}.Release|Any CPU.ActiveCfg = Release|Any CPU
		{239A49D1-57C4-44FA-A204-A79B8DAEAA18}.Release|Any CPU.Build.0 = Release|Any CPU
		{CE9CC34A-4A53-4440-9F50-A049990CDF5E}.Debug|Any CPU.ActiveCfg = Debug|Any CPU
		{CE9CC34A-4A53-4440-9F50-A049990CDF5E}.Debug|Any CPU.Build.0 = Debug|Any CPU
		{CE9CC34A-4A53-4440-9F50-A049990CDF5E}.Release|Any CPU.ActiveCfg = Release|Any CPU
		{CE9CC34A-4A53-4440-9F50-A049990CDF5E}.Release|Any CPU.Build.0 = Release|Any CPU
		{927217DC-6422-4E85-AA21-CABB0F50A517}.Debug|Any CPU.ActiveCfg = Debug|Any CPU
		{927217DC-6422-4E85-AA21-CABB0F50A517}.Debug|Any CPU.Build.0 = Debug|Any CPU
		{927217DC-6422-4E85-AA21-CABB0F50A517}.Release|Any CPU.ActiveCfg = Release|Any CPU
		{927217DC-6422-4E85-AA21-CABB0F50A517}.Release|Any CPU.Build.0 = Release|Any CPU
		{C2017327-4117-436F-BEA0-EC6F182ABD83}.Debug|Any CPU.ActiveCfg = Debug|Any CPU
		{C2017327-4117-436F-BEA0-EC6F182ABD83}.Debug|Any CPU.Build.0 = Debug|Any CPU
		{C2017327-4117-436F-BEA0-EC6F182ABD83}.Release|Any CPU.ActiveCfg = Release|Any CPU
		{C2017327-4117-436F-BEA0-EC6F182ABD83}.Release|Any CPU.Build.0 = Release|Any CPU
		{BBE0FC65-4173-484F-956B-15E811997617}.Debug|Any CPU.ActiveCfg = Debug|Any CPU
		{BBE0FC65-4173-484F-956B-15E811997617}.Debug|Any CPU.Build.0 = Debug|Any CPU
		{BBE0FC65-4173-484F-956B-15E811997617}.Release|Any CPU.ActiveCfg = Release|Any CPU
		{BBE0FC65-4173-484F-956B-15E811997617}.Release|Any CPU.Build.0 = Release|Any CPU
		{C9FFBCE4-EFFD-48D5-A99F-B6A72C5AE770}.Debug|Any CPU.ActiveCfg = Debug|Any CPU
		{C9FFBCE4-EFFD-48D5-A99F-B6A72C5AE770}.Debug|Any CPU.Build.0 = Debug|Any CPU
		{C9FFBCE4-EFFD-48D5-A99F-B6A72C5AE770}.Release|Any CPU.ActiveCfg = Release|Any CPU
		{C9FFBCE4-EFFD-48D5-A99F-B6A72C5AE770}.Release|Any CPU.Build.0 = Release|Any CPU
		{27C409DD-DE22-4183-A0AA-2570B42443A1}.Debug|Any CPU.ActiveCfg = Debug|Any CPU
		{27C409DD-DE22-4183-A0AA-2570B42443A1}.Debug|Any CPU.Build.0 = Debug|Any CPU
		{27C409DD-DE22-4183-A0AA-2570B42443A1}.Release|Any CPU.ActiveCfg = Release|Any CPU
		{27C409DD-DE22-4183-A0AA-2570B42443A1}.Release|Any CPU.Build.0 = Release|Any CPU
		{510D6140-02B6-4A99-B3B3-A2048D0F60D3}.Debug|Any CPU.ActiveCfg = Debug|Any CPU
		{510D6140-02B6-4A99-B3B3-A2048D0F60D3}.Debug|Any CPU.Build.0 = Debug|Any CPU
		{510D6140-02B6-4A99-B3B3-A2048D0F60D3}.Release|Any CPU.ActiveCfg = Release|Any CPU
		{510D6140-02B6-4A99-B3B3-A2048D0F60D3}.Release|Any CPU.Build.0 = Release|Any CPU
	EndGlobalSection
	GlobalSection(SolutionProperties) = preSolution
		HideSolutionNode = FALSE
	EndGlobalSection
	GlobalSection(NestedProjects) = preSolution
		{41623BD7-691E-425B-B107-A251D57173F0} = {C0910E63-3E0B-4311-B3D1-1C859960404D}
		{8300C0D6-041B-4294-A890-BE1D9CB70296} = {9856D3A9-280B-400A-80B9-A03AD6D4AC59}
		{239A49D1-57C4-44FA-A204-A79B8DAEAA18} = {9856D3A9-280B-400A-80B9-A03AD6D4AC59}
		{CE9CC34A-4A53-4440-9F50-A049990CDF5E} = {D59F28FB-D856-468A-B850-1C00A8669AF0}
		{927217DC-6422-4E85-AA21-CABB0F50A517} = {D59F28FB-D856-468A-B850-1C00A8669AF0}
		{C2017327-4117-436F-BEA0-EC6F182ABD83} = {D59F28FB-D856-468A-B850-1C00A8669AF0}
		{C9FFBCE4-EFFD-48D5-A99F-B6A72C5AE770} = {9856D3A9-280B-400A-80B9-A03AD6D4AC59}
		{510D6140-02B6-4A99-B3B3-A2048D0F60D3} = {9856D3A9-280B-400A-80B9-A03AD6D4AC59}
	EndGlobalSection
	GlobalSection(ExtensibilityGlobals) = postSolution
		SolutionGuid = {CB7CD67C-20C9-40B0-865E-A8E83817731A}
	EndGlobalSection
EndGlobal
