
Microsoft Visual Studio Solution File, Format Version 12.00
# Visual Studio 15
VisualStudioVersion = 15.0.27004.2002
MinimumVisualStudioVersion = 10.0.40219.1
Project("{9A19103F-16F7-4668-BE54-9A1E7A4F7556}") = "Search", "Search\Search.csproj", "{FFA8A6E3-F51D-428C-9863-EBBBC87C8264}"
EndProject
Project("{9A19103F-16F7-4668-BE54-9A1E7A4F7556}") = "Search.PostgresRDKit", "Search.PostgresRDKit\Search.PostgresRDKit.csproj", "{83B7FCB4-A6F3-4D6E-B543-3BAA0BC02051}"
EndProject
Project("{2150E333-8FDC-42A3-9474-1A3956D46DE8}") = "Solution Items", "Solution Items", "{D0E8109B-663D-4CA8-B3C3-AB5A2DC6DE4B}"
	ProjectSection(SolutionItems) = preProject
		Dockerfile = Dockerfile
	EndProjectSection
EndProject
Project("{FAE04EC0-301F-11D3-BF4B-00C04F79EFBC}") = "Search.Abstractions", "Search.Abstractions\Search.Abstractions.csproj", "{FD7628D7-762B-4DD8-B8B1-5D8A6025E842}"
EndProject
Global
	GlobalSection(SolutionConfigurationPlatforms) = preSolution
		Debug|Any CPU = Debug|Any CPU
		Release|Any CPU = Release|Any CPU
	EndGlobalSection
	GlobalSection(ProjectConfigurationPlatforms) = postSolution
		{FFA8A6E3-F51D-428C-9863-EBBBC87C8264}.Debug|Any CPU.ActiveCfg = Debug|Any CPU
		{FFA8A6E3-F51D-428C-9863-EBBBC87C8264}.Debug|Any CPU.Build.0 = Debug|Any CPU
		{FFA8A6E3-F51D-428C-9863-EBBBC87C8264}.Release|Any CPU.ActiveCfg = Release|Any CPU
		{FFA8A6E3-F51D-428C-9863-EBBBC87C8264}.Release|Any CPU.Build.0 = Release|Any CPU
		{83B7FCB4-A6F3-4D6E-B543-3BAA0BC02051}.Debug|Any CPU.ActiveCfg = Debug|Any CPU
		{83B7FCB4-A6F3-4D6E-B543-3BAA0BC02051}.Debug|Any CPU.Build.0 = Debug|Any CPU
		{83B7FCB4-A6F3-4D6E-B543-3BAA0BC02051}.Release|Any CPU.ActiveCfg = Release|Any CPU
		{83B7FCB4-A6F3-4D6E-B543-3BAA0BC02051}.Release|Any CPU.Build.0 = Release|Any CPU
		{FD7628D7-762B-4DD8-B8B1-5D8A6025E842}.Debug|Any CPU.ActiveCfg = Debug|Any CPU
		{FD7628D7-762B-4DD8-B8B1-5D8A6025E842}.Debug|Any CPU.Build.0 = Debug|Any CPU
		{FD7628D7-762B-4DD8-B8B1-5D8A6025E842}.Release|Any CPU.ActiveCfg = Release|Any CPU
		{FD7628D7-762B-4DD8-B8B1-5D8A6025E842}.Release|Any CPU.Build.0 = Release|Any CPU
	EndGlobalSection
	GlobalSection(SolutionProperties) = preSolution
		HideSolutionNode = FALSE
	EndGlobalSection
	GlobalSection(ExtensibilityGlobals) = postSolution
		SolutionGuid = {24E59C44-E41A-4321-A1EB-5E1075454D85}
	EndGlobalSection
EndGlobal
