
Microsoft Visual Studio Solution File, Format Version 12.00
# Visual Studio 15
VisualStudioVersion = 15.0.27004.2002
MinimumVisualStudioVersion = 10.0.40219.1
Project("{9A19103F-16F7-4668-BE54-9A1E7A4F7556}") = "Search.Abstractions", "Search.Abstractions\Search.Abstractions.csproj", "{FD7628D7-762B-4DD8-B8B1-5D8A6025E842}"
EndProject
Project("{9A19103F-16F7-4668-BE54-9A1E7A4F7556}") = "Search.ApiCore", "Search.ApiCore\Search.ApiCore.csproj", "{72A35D18-4872-43C5-AA85-B5E22A434ED6}"
EndProject
Project("{2150E333-8FDC-42A3-9474-1A3956D46DE8}") = "RDKit", "RDKit", "{D95539B9-C98A-4580-8D96-CF2A338C17BF}"
	ProjectSection(SolutionItems) = preProject
		RDKit\Dockerfile = RDKit\Dockerfile
	EndProjectSection
EndProject
Project("{9A19103F-16F7-4668-BE54-9A1E7A4F7556}") = "Search.RDKit.Postgres", "RDKit\Search.RDKit.Postgres\Search.RDKit.Postgres.csproj", "{C1C58EBC-C696-4E32-99AC-617723885D03}"
EndProject
Project("{9A19103F-16F7-4668-BE54-9A1E7A4F7556}") = "Search.RDKit.Api", "RDKit\Search.RDKit.Api\Search.RDKit.Api.csproj", "{BCD5FC1F-E6E9-4F70-BC09-1475C48B47D7}"
EndProject
Project("{2150E333-8FDC-42A3-9474-1A3956D46DE8}") = "JavaOPlusD", "JavaOPlusD", "{4398D5CC-C7E8-4268-8026-58EA61C79DC7}"
	ProjectSection(SolutionItems) = preProject
		JavaOPlusD\Dockerfile = JavaOPlusD\Dockerfile
	EndProjectSection
EndProject
Project("{9A19103F-16F7-4668-BE54-9A1E7A4F7556}") = "Search.JavaOPlusD.Api", "JavaOPlusD\Search.JavaOPlusD.Api\Search.JavaOPlusD.Api.csproj", "{C5F045A9-DAFB-4396-8A1A-73B9E00146AA}"
EndProject
Project("{2150E333-8FDC-42A3-9474-1A3956D46DE8}") = "Madfast", "Madfast", "{C7D0E556-2E20-4752-B75C-5A28568D393A}"
EndProject
Project("{9A19103F-16F7-4668-BE54-9A1E7A4F7556}") = "Search.Madfast.Api", "Search.Madfast.Api\Search.Madfast.Api.csproj", "{462FC5E2-06D1-4E33-9FF8-23522DE91CF2}"
EndProject
Project("{9A19103F-16F7-4668-BE54-9A1E7A4F7556}") = "Search.SqlCommon", "Search.SqlCommon\Search.SqlCommon.csproj", "{864E8ED9-0E6C-4D1F-8543-10C0EDDEA7D1}"
EndProject
Project("{9A19103F-16F7-4668-BE54-9A1E7A4F7556}") = "Search.MongoDB", "Search.MongoDB\Search.MongoDB.csproj", "{F1DB6AD4-E521-4418-9D0E-7F5DA58AB364}"
EndProject
Project("{9A19103F-16F7-4668-BE54-9A1E7A4F7556}") = "Search.GenericComponents", "Search.GenericComponents\Search.GenericComponents.csproj", "{530A02B7-3A98-4F23-85C2-A503E795AA26}"
EndProject
Project("{2150E333-8FDC-42A3-9474-1A3956D46DE8}") = "MongoDB", "MongoDB", "{66DE0E46-6D44-4C25-8208-AA635E71E4F3}"
EndProject
Project("{FAE04EC0-301F-11D3-BF4B-00C04F79EFBC}") = "Mongo.Bootstrapper", "Mongo.Bootstrapper\Mongo.Bootstrapper.csproj", "{1B74B5B7-FC7F-43D9-A6FF-8B7200E4C9BF}"
EndProject
Global
	GlobalSection(SolutionConfigurationPlatforms) = preSolution
		Debug|Any CPU = Debug|Any CPU
		Release|Any CPU = Release|Any CPU
	EndGlobalSection
	GlobalSection(ProjectConfigurationPlatforms) = postSolution
		{FD7628D7-762B-4DD8-B8B1-5D8A6025E842}.Debug|Any CPU.ActiveCfg = Debug|Any CPU
		{FD7628D7-762B-4DD8-B8B1-5D8A6025E842}.Debug|Any CPU.Build.0 = Debug|Any CPU
		{FD7628D7-762B-4DD8-B8B1-5D8A6025E842}.Release|Any CPU.ActiveCfg = Release|Any CPU
		{FD7628D7-762B-4DD8-B8B1-5D8A6025E842}.Release|Any CPU.Build.0 = Release|Any CPU
		{72A35D18-4872-43C5-AA85-B5E22A434ED6}.Debug|Any CPU.ActiveCfg = Debug|Any CPU
		{72A35D18-4872-43C5-AA85-B5E22A434ED6}.Debug|Any CPU.Build.0 = Debug|Any CPU
		{72A35D18-4872-43C5-AA85-B5E22A434ED6}.Release|Any CPU.ActiveCfg = Release|Any CPU
		{72A35D18-4872-43C5-AA85-B5E22A434ED6}.Release|Any CPU.Build.0 = Release|Any CPU
		{C1C58EBC-C696-4E32-99AC-617723885D03}.Debug|Any CPU.ActiveCfg = Debug|Any CPU
		{C1C58EBC-C696-4E32-99AC-617723885D03}.Debug|Any CPU.Build.0 = Debug|Any CPU
		{C1C58EBC-C696-4E32-99AC-617723885D03}.Release|Any CPU.ActiveCfg = Release|Any CPU
		{C1C58EBC-C696-4E32-99AC-617723885D03}.Release|Any CPU.Build.0 = Release|Any CPU
		{BCD5FC1F-E6E9-4F70-BC09-1475C48B47D7}.Debug|Any CPU.ActiveCfg = Debug|Any CPU
		{BCD5FC1F-E6E9-4F70-BC09-1475C48B47D7}.Debug|Any CPU.Build.0 = Debug|Any CPU
		{BCD5FC1F-E6E9-4F70-BC09-1475C48B47D7}.Release|Any CPU.ActiveCfg = Release|Any CPU
		{BCD5FC1F-E6E9-4F70-BC09-1475C48B47D7}.Release|Any CPU.Build.0 = Release|Any CPU
		{C5F045A9-DAFB-4396-8A1A-73B9E00146AA}.Debug|Any CPU.ActiveCfg = Debug|Any CPU
		{C5F045A9-DAFB-4396-8A1A-73B9E00146AA}.Debug|Any CPU.Build.0 = Debug|Any CPU
		{C5F045A9-DAFB-4396-8A1A-73B9E00146AA}.Release|Any CPU.ActiveCfg = Release|Any CPU
		{C5F045A9-DAFB-4396-8A1A-73B9E00146AA}.Release|Any CPU.Build.0 = Release|Any CPU
		{462FC5E2-06D1-4E33-9FF8-23522DE91CF2}.Debug|Any CPU.ActiveCfg = Debug|Any CPU
		{462FC5E2-06D1-4E33-9FF8-23522DE91CF2}.Debug|Any CPU.Build.0 = Debug|Any CPU
		{462FC5E2-06D1-4E33-9FF8-23522DE91CF2}.Release|Any CPU.ActiveCfg = Release|Any CPU
		{462FC5E2-06D1-4E33-9FF8-23522DE91CF2}.Release|Any CPU.Build.0 = Release|Any CPU
		{864E8ED9-0E6C-4D1F-8543-10C0EDDEA7D1}.Debug|Any CPU.ActiveCfg = Debug|Any CPU
		{864E8ED9-0E6C-4D1F-8543-10C0EDDEA7D1}.Debug|Any CPU.Build.0 = Debug|Any CPU
		{864E8ED9-0E6C-4D1F-8543-10C0EDDEA7D1}.Release|Any CPU.ActiveCfg = Release|Any CPU
		{864E8ED9-0E6C-4D1F-8543-10C0EDDEA7D1}.Release|Any CPU.Build.0 = Release|Any CPU
		{F1DB6AD4-E521-4418-9D0E-7F5DA58AB364}.Debug|Any CPU.ActiveCfg = Debug|Any CPU
		{F1DB6AD4-E521-4418-9D0E-7F5DA58AB364}.Debug|Any CPU.Build.0 = Debug|Any CPU
		{F1DB6AD4-E521-4418-9D0E-7F5DA58AB364}.Release|Any CPU.ActiveCfg = Release|Any CPU
		{F1DB6AD4-E521-4418-9D0E-7F5DA58AB364}.Release|Any CPU.Build.0 = Release|Any CPU
		{530A02B7-3A98-4F23-85C2-A503E795AA26}.Debug|Any CPU.ActiveCfg = Debug|Any CPU
		{530A02B7-3A98-4F23-85C2-A503E795AA26}.Debug|Any CPU.Build.0 = Debug|Any CPU
		{530A02B7-3A98-4F23-85C2-A503E795AA26}.Release|Any CPU.ActiveCfg = Release|Any CPU
		{530A02B7-3A98-4F23-85C2-A503E795AA26}.Release|Any CPU.Build.0 = Release|Any CPU
		{1B74B5B7-FC7F-43D9-A6FF-8B7200E4C9BF}.Debug|Any CPU.ActiveCfg = Debug|Any CPU
		{1B74B5B7-FC7F-43D9-A6FF-8B7200E4C9BF}.Debug|Any CPU.Build.0 = Debug|Any CPU
		{1B74B5B7-FC7F-43D9-A6FF-8B7200E4C9BF}.Release|Any CPU.ActiveCfg = Release|Any CPU
		{1B74B5B7-FC7F-43D9-A6FF-8B7200E4C9BF}.Release|Any CPU.Build.0 = Release|Any CPU
	EndGlobalSection
	GlobalSection(SolutionProperties) = preSolution
		HideSolutionNode = FALSE
	EndGlobalSection
	GlobalSection(NestedProjects) = preSolution
		{C1C58EBC-C696-4E32-99AC-617723885D03} = {D95539B9-C98A-4580-8D96-CF2A338C17BF}
		{BCD5FC1F-E6E9-4F70-BC09-1475C48B47D7} = {D95539B9-C98A-4580-8D96-CF2A338C17BF}
		{C5F045A9-DAFB-4396-8A1A-73B9E00146AA} = {4398D5CC-C7E8-4268-8026-58EA61C79DC7}
		{462FC5E2-06D1-4E33-9FF8-23522DE91CF2} = {C7D0E556-2E20-4752-B75C-5A28568D393A}
		{F1DB6AD4-E521-4418-9D0E-7F5DA58AB364} = {66DE0E46-6D44-4C25-8208-AA635E71E4F3}
		{1B74B5B7-FC7F-43D9-A6FF-8B7200E4C9BF} = {66DE0E46-6D44-4C25-8208-AA635E71E4F3}
	EndGlobalSection
	GlobalSection(ExtensibilityGlobals) = postSolution
		SolutionGuid = {24E59C44-E41A-4321-A1EB-5E1075454D85}
	EndGlobalSection
EndGlobal
